
Microsoft Visual Studio Solution File, Format Version 12.00
# Visual Studio 15
VisualStudioVersion = 15.0.28307.1062
MinimumVisualStudioVersion = 10.0.40219.1
Project("{FAE04EC0-301F-11D3-BF4B-00C04F79EFBC}") = "Holiday_Travel_WebSite_Project", "Holiday_Travel_WebSite_Project\Holiday_Travel_WebSite_Project.csproj", "{5F92E598-63E1-4C78-8526-43A0EC2E7FD2}"
EndProject
Project("{FAE04EC0-301F-11D3-BF4B-00C04F79EFBC}") = "Holiday_Travel_Entities", "Holiday_Travel_Entities\Holiday_Travel_Entities.csproj", "{D19D66C2-D46D-4CAB-9DBE-8002E98A413B}"
EndProject
Project("{FAE04EC0-301F-11D3-BF4B-00C04F79EFBC}") = "Holiday_Travel_Data", "Holiday_Travel_Data\Holiday_Travel_Data.csproj", "{4E7B98A9-596D-4810-818A-DCCFAA3B8C8B}"
EndProject
Global
	GlobalSection(SolutionConfigurationPlatforms) = preSolution
		Debug|Any CPU = Debug|Any CPU
		Release|Any CPU = Release|Any CPU
	EndGlobalSection
	GlobalSection(ProjectConfigurationPlatforms) = postSolution
		{5F92E598-63E1-4C78-8526-43A0EC2E7FD2}.Debug|Any CPU.ActiveCfg = Debug|Any CPU
		{5F92E598-63E1-4C78-8526-43A0EC2E7FD2}.Debug|Any CPU.Build.0 = Debug|Any CPU
		{5F92E598-63E1-4C78-8526-43A0EC2E7FD2}.Release|Any CPU.ActiveCfg = Release|Any CPU
		{5F92E598-63E1-4C78-8526-43A0EC2E7FD2}.Release|Any CPU.Build.0 = Release|Any CPU
		{D19D66C2-D46D-4CAB-9DBE-8002E98A413B}.Debug|Any CPU.ActiveCfg = Debug|Any CPU
		{D19D66C2-D46D-4CAB-9DBE-8002E98A413B}.Debug|Any CPU.Build.0 = Debug|Any CPU
		{D19D66C2-D46D-4CAB-9DBE-8002E98A413B}.Release|Any CPU.ActiveCfg = Release|Any CPU
		{D19D66C2-D46D-4CAB-9DBE-8002E98A413B}.Release|Any CPU.Build.0 = Release|Any CPU
		{4E7B98A9-596D-4810-818A-DCCFAA3B8C8B}.Debug|Any CPU.ActiveCfg = Debug|Any CPU
		{4E7B98A9-596D-4810-818A-DCCFAA3B8C8B}.Debug|Any CPU.Build.0 = Debug|Any CPU
		{4E7B98A9-596D-4810-818A-DCCFAA3B8C8B}.Release|Any CPU.ActiveCfg = Release|Any CPU
		{4E7B98A9-596D-4810-818A-DCCFAA3B8C8B}.Release|Any CPU.Build.0 = Release|Any CPU
	EndGlobalSection
	GlobalSection(SolutionProperties) = preSolution
		HideSolutionNode = FALSE
	EndGlobalSection
	GlobalSection(ExtensibilityGlobals) = postSolution
		SolutionGuid = {69ACA622-61D3-468D-981E-1992168F66A1}
	EndGlobalSection
EndGlobal
